
Microsoft Visual Studio Solution File, Format Version 12.00
# Visual Studio Version 17
VisualStudioVersion = 17.3.32929.385
MinimumVisualStudioVersion = 10.0.40219.1
Project("{9A19103F-16F7-4668-BE54-9A1E7A4F7556}") = "CrudWebApi", "CrudTreinoApi\CrudWebApi.csproj", "{0EBA362F-2B3C-4774-9BF2-8F8F05E5055C}"
EndProject
Global
	GlobalSection(SolutionConfigurationPlatforms) = preSolution
		Debug|Any CPU = Debug|Any CPU
		Release|Any CPU = Release|Any CPU
	EndGlobalSection
	GlobalSection(ProjectConfigurationPlatforms) = postSolution
		{0EBA362F-2B3C-4774-9BF2-8F8F05E5055C}.Debug|Any CPU.ActiveCfg = Debug|Any CPU
		{0EBA362F-2B3C-4774-9BF2-8F8F05E5055C}.Debug|Any CPU.Build.0 = Debug|Any CPU
		{0EBA362F-2B3C-4774-9BF2-8F8F05E5055C}.Release|Any CPU.ActiveCfg = Release|Any CPU
		{0EBA362F-2B3C-4774-9BF2-8F8F05E5055C}.Release|Any CPU.Build.0 = Release|Any CPU
	EndGlobalSection
	GlobalSection(SolutionProperties) = preSolution
		HideSolutionNode = FALSE
	EndGlobalSection
	GlobalSection(ExtensibilityGlobals) = postSolution
		SolutionGuid = {0D3F0FF1-F1BB-43A7-9A44-6AB6D11B0029}
	EndGlobalSection
EndGlobal
